PODS:
  - Realm (2.8.0):
    - Realm/Headers (= 2.8.0)
  - Realm/Headers (2.8.0)
  - RealmSwift (2.8.0):
    - Realm (= 2.8.0)

DEPENDENCIES:
  - RealmSwift

SPEC CHECKSUMS:
  Realm: 929243ad2b618b3232e70658bedc61110e7563f1
  RealmSwift: 5b7079b891f2833d1849294161ba3e092bbda3f6

PODFILE CHECKSUM: cc4d44374deb237af32eab3b0e0162a574ee0f72

COCOAPODS: 1.2.1
